{
  "requires": true,
  "lockfileVersion": 1,
  "dependencies": {
    "tributejs": {
      "version": "3.6.0",
      "resolved": "https://registry.npmjs.org/tributejs/-/tributejs-3.6.0.tgz",
      "integrity": "sha512-OwBk4JWzbWTxW9ZBzeajlX4SGNXEj+5rUbW8rg84NJCszkj/22nhkJvcYTaHGU4qfKoz073nVYzqN3G0exzViw=="
    }
  }
}
